// !$*UTF8*$!
{
	archiveVersion = 1;
	classes = {
	};
	objectVersion = 46;
	objects = {

/* Begin PBXBuildFile section */
		171B51C81C9963E6001E31DF /* MTShopViewController.m in Sources */ = {isa = PBXBuildFile; fileRef = 171B51C71C9963E6001E31DF /* MTShopViewController.m */; };
		171B51CB1C9965D1001E31DF /* MTShopChooseView.m in Sources */ = {isa = PBXBuildFile; fileRef = 171B51CA1C9965D1001E31DF /* MTShopChooseView.m */; };
		171B51CE1C996E52001E31DF /* MTShopChooseBtn.m in Sources */ = {isa = PBXBuildFile; fileRef = 171B51CD1C996E52001E31DF /* MTShopChooseBtn.m */; };
		1759210E1C9792FF00C9F2A4 /* MTRefreshHeader.m in Sources */ = {isa = PBXBuildFile; fileRef = 1759210D1C9792FF00C9F2A4 /* MTRefreshHeader.m */; };
		175CD26E1C8CFC3E00A680A6 /* MTHomeScrollView.m in Sources */ = {isa = PBXBuildFile; fileRef = 175CD26D1C8CFC3E00A680A6 /* MTHomeScrollView.m */; };
		176CF1B91C8E30DB00A88273 /* MTGloblesTool.m in Sources */ = {isa = PBXBuildFile; fileRef = 176CF1B81C8E30DB00A88273 /* MTGloblesTool.m */; };
		176CF1BC1C8E365A00A88273 /* MTNavController.m in Sources */ = {isa = PBXBuildFile; fileRef = 176CF1BB1C8E365A00A88273 /* MTNavController.m */; };
		178BB4B51C9BE7FB001E29BB /* MTShopTypeView.m in Sources */ = {isa = PBXBuildFile; fileRef = 178BB4B41C9BE7FB001E29BB /* MTShopTypeView.m */; };
		178BB4B81C9BE868001E29BB /* MTShopTypeBtn.m in Sources */ = {isa = PBXBuildFile; fileRef = 178BB4B71C9BE868001E29BB /* MTShopTypeBtn.m */; };
		17A698241C9F8ECE00F72E87 /* MTShopService.m in Sources */ = {isa = PBXBuildFile; fileRef = 17A698231C9F8ECE00F72E87 /* MTShopService.m */; };
		17A9C50D1C9128D6000DBEE9 /* CoreLocation.framework in Frameworks */ = {isa = PBXBuildFile; fileRef = 17A9C50C1C9128D6000DBEE9 /* CoreLocation.framework */; };
		17A9C5101C915E4B000DBEE9 /* MTGuessYLikeItem.m in Sources */ = {isa = PBXBuildFile; fileRef = 17A9C50F1C915E4B000DBEE9 /* MTGuessYLikeItem.m */; };
		17A9C5131C91625F000DBEE9 /* MTGuessYLikeCell.m in Sources */ = {isa = PBXBuildFile; fileRef = 17A9C5121C91625F000DBEE9 /* MTGuessYLikeCell.m */; };
		17AD04881C9A380E00651218 /* MTShopTypeItem.m in Sources */ = {isa = PBXBuildFile; fileRef = 17AD04871C9A380E00651218 /* MTShopTypeItem.m */; };
		17B1F9C91C892FB100F76318 /* main.m in Sources */ = {isa = PBXBuildFile; fileRef = 17B1F9C81C892FB100F76318 /* main.m */; };
		17B1F9CC1C892FB100F76318 /* AppDelegate.m in Sources */ = {isa = PBXBuildFile; fileRef = 17B1F9CB1C892FB100F76318 /* AppDelegate.m */; };
		17B1F9CF1C892FB100F76318 /* ViewController.m in Sources */ = {isa = PBXBuildFile; fileRef = 17B1F9CE1C892FB100F76318 /* ViewController.m */; };
		17B1F9D21C892FB100F76318 /* Main.storyboard in Resources */ = {isa = PBXBuildFile; fileRef = 17B1F9D01C892FB100F76318 /* Main.storyboard */; };
		17B1F9D41C892FB100F76318 /* Assets.xcassets in Resources */ = {isa = PBXBuildFile; fileRef = 17B1F9D31C892FB100F76318 /* Assets.xcassets */; };
		17B1F9D71C892FB100F76318 /* LaunchScreen.storyboard in Resources */ = {isa = PBXBuildFile; fileRef = 17B1F9D51C892FB100F76318 /* LaunchScreen.storyboard */; };
		17B1F9E71C893E2E00F76318 /* MTBaseTBController.m in Sources */ = {isa = PBXBuildFile; fileRef = 17B1F9E61C893E2E00F76318 /* MTBaseTBController.m */; };
		17B1F9EA1C893EBA00F76318 /* MTHomeController.m in Sources */ = {isa = PBXBuildFile; fileRef = 17B1F9E91C893EBA00F76318 /* MTHomeController.m */; };
		17B1F9ED1C893FE100F76318 /* MTHomeMenu.m in Sources */ = {isa = PBXBuildFile; fileRef = 17B1F9EC1C893FE100F76318 /* MTHomeMenu.m */; };
		17B1F9F01C89409800F76318 /* MTMenuButton.m in Sources */ = {isa = PBXBuildFile; fileRef = 17B1F9EF1C89409800F76318 /* MTMenuButton.m */; };
		17B1F9F21C896D9700F76318 /* homemenuitems.plist in Resources */ = {isa = PBXBuildFile; fileRef = 17B1F9F11C896D9700F76318 /* homemenuitems.plist */; };
		17B1F9F81C8973DD00F76318 /* MTTabBarController.m in Sources */ = {isa = PBXBuildFile; fileRef = 17B1F9F71C8973DD00F76318 /* MTTabBarController.m */; };
		17B1F9FC1C89743100F76318 /* MTTabBar.m in Sources */ = {isa = PBXBuildFile; fileRef = 17B1F9FB1C89743100F76318 /* MTTabBar.m */; };
		17B1F9FF1C8974D400F76318 /* MTTabBarBtn.m in Sources */ = {isa = PBXBuildFile; fileRef = 17B1F9FE1C8974D400F76318 /* MTTabBarBtn.m */; };
		17BEBFD01C92A96000F4D092 /* cities.plist in Resources */ = {isa = PBXBuildFile; fileRef = 17BEBFCF1C92A96000F4D092 /* cities.plist */; };
		17BEBFD31C92B9B600F4D092 /* MTCityButton.m in Sources */ = {isa = PBXBuildFile; fileRef = 17BEBFD21C92B9B600F4D092 /* MTCityButton.m */; };
		17BEBFD61C92BEE400F4D092 /* MTHomeSearchBtn.m in Sources */ = {isa = PBXBuildFile; fileRef = 17BEBFD51C92BEE400F4D092 /* MTHomeSearchBtn.m */; };
		17BEBFDC1C92D01B00F4D092 /* MTCitySearchController.m in Sources */ = {isa = PBXBuildFile; fileRef = 17BEBFDB1C92D01B00F4D092 /* MTCitySearchController.m */; };
		17CAC24D1C8EC2F0009AEC66 /* MTNetworkManager.m in Sources */ = {isa = PBXBuildFile; fileRef = 17CAC24C1C8EC2F0009AEC66 /* MTNetworkManager.m */; };
		17CAC2511C8ED4A2009AEC66 /* MTHomeService.m in Sources */ = {isa = PBXBuildFile; fileRef = 17CAC2501C8ED4A2009AEC66 /* MTHomeService.m */; };
		17CAC2551C8ED84F009AEC66 /* MTDiscountItem.m in Sources */ = {isa = PBXBuildFile; fileRef = 17CAC2541C8ED84F009AEC66 /* MTDiscountItem.m */; };
		17CFC5C81C96A77C001C4A10 /* MTCodeController.m in Sources */ = {isa = PBXBuildFile; fileRef = 17CFC5C71C96A77C001C4A10 /* MTCodeController.m */; };
		17CFC5CD1C96B32C001C4A10 /* AVFoundation.framework in Frameworks */ = {isa = PBXBuildFile; fileRef = 17CFC5CC1C96B32C001C4A10 /* AVFoundation.framework */; };
		17E9FDDC1CA27D2E00C42F3C /* MTShopItem.m in Sources */ = {isa = PBXBuildFile; fileRef = 17E9FDDB1CA27D2E00C42F3C /* MTShopItem.m */; };
		17E9FDDF1CA2852A00C42F3C /* MTShopCell.m in Sources */ = {isa = PBXBuildFile; fileRef = 17E9FDDE1CA2852A00C42F3C /* MTShopCell.m */; };
		17FA3AE81C902091006E9F11 /* MTHomeDiscountView.m in Sources */ = {isa = PBXBuildFile; fileRef = 17FA3AE71C902091006E9F11 /* MTHomeDiscountView.m */; };
		17FA3AEB1C90222C006E9F11 /* MTDiscountBtn.m in Sources */ = {isa = PBXBuildFile; fileRef = 17FA3AEA1C90222C006E9F11 /* MTDiscountBtn.m */; };
		4AFCAA9A52D95A44AE3A6D7E /* libPods.a in Frameworks */ = {isa = PBXBuildFile; fileRef = 0262E2759C8C3C60BEF2C239 /* libPods.a */; };
/* End PBXBuildFile section */

/* Begin PBXFileReference section */
		0262E2759C8C3C60BEF2C239 /* libPods.a */ = {isa = PBXFileReference; explicitFileType = archive.ar; includeInIndex = 0; path = libPods.a; sourceTree = BUILT_PRODUCTS_DIR; };
		171B51C61C9963E6001E31DF /* MTShopViewController.h */ = {isa = PBXFileReference; fileEncoding = 4; lastKnownFileType = sourcecode.c.h; path = MTShopViewController.h; sourceTree = "<group>"; };
		171B51C71C9963E6001E31DF /* MTShopViewController.m */ = {isa = PBXFileReference; fileEncoding = 4; lastKnownFileType = sourcecode.c.objc; path = MTShopViewController.m; sourceTree = "<group>"; };
		171B51C91C9965D1001E31DF /* MTShopChooseView.h */ = {isa = PBXFileReference; fileEncoding = 4; lastKnownFileType = sourcecode.c.h; path = MTShopChooseView.h; sourceTree = "<group>"; };
		171B51CA1C9965D1001E31DF /* MTShopChooseView.m */ = {isa = PBXFileReference; fileEncoding = 4; lastKnownFileType = sourcecode.c.objc; path = MTShopChooseView.m; sourceTree = "<group>"; };
		171B51CC1C996E52001E31DF /* MTShopChooseBtn.h */ = {isa = PBXFileReference; fileEncoding = 4; lastKnownFileType = sourcecode.c.h; path = MTShopChooseBtn.h; sourceTree = "<group>"; };
		171B51CD1C996E52001E31DF /* MTShopChooseBtn.m */ = {isa = PBXFileReference; fileEncoding = 4; lastKnownFileType = sourcecode.c.objc; path = MTShopChooseBtn.m; sourceTree = "<group>"; };
		1759210C1C9792FF00C9F2A4 /* MTRefreshHeader.h */ = {isa = PBXFileReference; fileEncoding = 4; lastKnownFileType = sourcecode.c.h; path = MTRefreshHeader.h; sourceTree = "<group>"; };
		1759210D1C9792FF00C9F2A4 /* MTRefreshHeader.m */ = {isa = PBXFileReference; fileEncoding = 4; lastKnownFileType = sourcecode.c.objc; path = MTRefreshHeader.m; sourceTree = "<group>"; };
		175CD26C1C8CFC3E00A680A6 /* MTHomeScrollView.h */ = {isa = PBXFileReference; fileEncoding = 4; lastKnownFileType = sourcecode.c.h; path = MTHomeScrollView.h; sourceTree = "<group>"; };
		175CD26D1C8CFC3E00A680A6 /* MTHomeScrollView.m */ = {isa = PBXFileReference; fileEncoding = 4; lastKnownFileType = sourcecode.c.objc; path = MTHomeScrollView.m; sourceTree = "<group>"; };
		176CF1B71C8E30DB00A88273 /* MTGloblesTool.h */ = {isa = PBXFileReference; fileEncoding = 4; lastKnownFileType = sourcecode.c.h; path = MTGloblesTool.h; sourceTree = "<group>"; };
		176CF1B81C8E30DB00A88273 /* MTGloblesTool.m */ = {isa = PBXFileReference; fileEncoding = 4; lastKnownFileType = sourcecode.c.objc; path = MTGloblesTool.m; sourceTree = "<group>"; };
		176CF1BA1C8E365A00A88273 /* MTNavController.h */ = {isa = PBXFileReference; fileEncoding = 4; lastKnownFileType = sourcecode.c.h; path = MTNavController.h; sourceTree = "<group>"; };
		176CF1BB1C8E365A00A88273 /* MTNavController.m */ = {isa = PBXFileReference; fileEncoding = 4; lastKnownFileType = sourcecode.c.objc; path = MTNavController.m; sourceTree = "<group>"; };
		178BB4B31C9BE7FB001E29BB /* MTShopTypeView.h */ = {isa = PBXFileReference; fileEncoding = 4; lastKnownFileType = sourcecode.c.h; path = MTShopTypeView.h; sourceTree = "<group>"; };
		178BB4B41C9BE7FB001E29BB /* MTShopTypeView.m */ = {isa = PBXFileReference; fileEncoding = 4; lastKnownFileType = sourcecode.c.objc; path = MTShopTypeView.m; sourceTree = "<group>"; };
		178BB4B61C9BE868001E29BB /* MTShopTypeBtn.h */ = {isa = PBXFileReference; fileEncoding = 4; lastKnownFileType = sourcecode.c.h; path = MTShopTypeBtn.h; sourceTree = "<group>"; };
		178BB4B71C9BE868001E29BB /* MTShopTypeBtn.m */ = {isa = PBXFileReference; fileEncoding = 4; lastKnownFileType = sourcecode.c.objc; path = MTShopTypeBtn.m; sourceTree = "<group>"; };
		17A698221C9F8ECE00F72E87 /* MTShopService.h */ = {isa = PBXFileReference; fileEncoding = 4; lastKnownFileType = sourcecode.c.h; path = MTShopService.h; sourceTree = "<group>"; };
		17A698231C9F8ECE00F72E87 /* MTShopService.m */ = {isa = PBXFileReference; fileEncoding = 4; lastKnownFileType = sourcecode.c.objc; path = MTShopService.m; sourceTree = "<group>"; };
		17A9C50C1C9128D6000DBEE9 /* CoreLocation.framework */ = {isa = PBXFileReference; lastKnownFileType = wrapper.framework; name = CoreLocation.framework; path = System/Library/Frameworks/CoreLocation.framework; sourceTree = SDKROOT; };
		17A9C50E1C915E4B000DBEE9 /* MTGuessYLikeItem.h */ = {isa = PBXFileReference; fileEncoding = 4; lastKnownFileType = sourcecode.c.h; path = MTGuessYLikeItem.h; sourceTree = "<group>"; };
		17A9C50F1C915E4B000DBEE9 /* MTGuessYLikeItem.m */ = {isa = PBXFileReference; fileEncoding = 4; lastKnownFileType = sourcecode.c.objc; path = MTGuessYLikeItem.m; sourceTree = "<group>"; };
		17A9C5111C91625F000DBEE9 /* MTGuessYLikeCell.h */ = {isa = PBXFileReference; fileEncoding = 4; lastKnownFileType = sourcecode.c.h; path = MTGuessYLikeCell.h; sourceTree = "<group>"; };
		17A9C5121C91625F000DBEE9 /* MTGuessYLikeCell.m */ = {isa = PBXFileReference; fileEncoding = 4; lastKnownFileType = sourcecode.c.objc; path = MTGuessYLikeCell.m; sourceTree = "<group>"; };
		17AD04861C9A380E00651218 /* MTShopTypeItem.h */ = {isa = PBXFileReference; fileEncoding = 4; lastKnownFileType = sourcecode.c.h; path = MTShopTypeItem.h; sourceTree = "<group>"; };
		17AD04871C9A380E00651218 /* MTShopTypeItem.m */ = {isa = PBXFileReference; fileEncoding = 4; lastKnownFileType = sourcecode.c.objc; path = MTShopTypeItem.m; sourceTree = "<group>"; };
		17B1F9C41C892FB100F76318 /* testmt.app */ = {isa = PBXFileReference; explicitFileType = wrapper.application; includeInIndex = 0; path = testmt.app; sourceTree = BUILT_PRODUCTS_DIR; };
		17B1F9C81C892FB100F76318 /* main.m */ = {isa = PBXFileReference; lastKnownFileType = sourcecode.c.objc; path = main.m; sourceTree = "<group>"; };
		17B1F9CA1C892FB100F76318 /* AppDelegate.h */ = {isa = PBXFileReference; lastKnownFileType = sourcecode.c.h; path = AppDelegate.h; sourceTree = "<group>"; };
		17B1F9CB1C892FB100F76318 /* AppDelegate.m */ = {isa = PBXFileReference; lastKnownFileType = sourcecode.c.objc; path = AppDelegate.m; sourceTree = "<group>"; };
		17B1F9CD1C892FB100F76318 /* ViewController.h */ = {isa = PBXFileReference; lastKnownFileType = sourcecode.c.h; path = ViewController.h; sourceTree = "<group>"; };
		17B1F9CE1C892FB100F76318 /* ViewController.m */ = {isa = PBXFileReference; lastKnownFileType = sourcecode.c.objc; path = ViewController.m; sourceTree = "<group>"; };
		17B1F9D11C892FB100F76318 /* Base */ = {isa = PBXFileReference; lastKnownFileType = file.storyboard; name = Base; path = Base.lproj/Main.storyboard; sourceTree = "<group>"; };
		17B1F9D31C892FB100F76318 /* Assets.xcassets */ = {isa = PBXFileReference; lastKnownFileType = folder.assetcatalog; path = Assets.xcassets; sourceTree = "<group>"; };
		17B1F9D61C892FB100F76318 /* Base */ = {isa = PBXFileReference; lastKnownFileType = file.storyboard; name = Base; path = Base.lproj/LaunchScreen.storyboard; sourceTree = "<group>"; };
		17B1F9D81C892FB100F76318 /* Info.plist */ = {isa = PBXFileReference; lastKnownFileType = text.plist.xml; path = Info.plist; sourceTree = "<group>"; };
		17B1F9E51C893E2E00F76318 /* MTBaseTBController.h */ = {isa = PBXFileReference; fileEncoding = 4; lastKnownFileType = sourcecode.c.h; path = MTBaseTBController.h; sourceTree = "<group>"; };
		17B1F9E61C893E2E00F76318 /* MTBaseTBController.m */ = {isa = PBXFileReference; fileEncoding = 4; lastKnownFileType = sourcecode.c.objc; path = MTBaseTBController.m; sourceTree = "<group>"; };
		17B1F9E81C893EBA00F76318 /* MTHomeController.h */ = {isa = PBXFileReference; fileEncoding = 4; lastKnownFileType = sourcecode.c.h; path = MTHomeController.h; sourceTree = "<group>"; };
		17B1F9E91C893EBA00F76318 /* MTHomeController.m */ = {isa = PBXFileReference; fileEncoding = 4; lastKnownFileType = sourcecode.c.objc; path = MTHomeController.m; sourceTree = "<group>"; };
		17B1F9EB1C893FE100F76318 /* MTHomeMenu.h */ = {isa = PBXFileReference; fileEncoding = 4; lastKnownFileType = sourcecode.c.h; path = MTHomeMenu.h; sourceTree = "<group>"; };
		17B1F9EC1C893FE100F76318 /* MTHomeMenu.m */ = {isa = PBXFileReference; fileEncoding = 4; lastKnownFileType = sourcecode.c.objc; path = MTHomeMenu.m; sourceTree = "<group>"; };
		17B1F9EE1C89409800F76318 /* MTMenuButton.h */ = {isa = PBXFileReference; fileEncoding = 4; lastKnownFileType = sourcecode.c.h; path = MTMenuButton.h; sourceTree = "<group>"; };
		17B1F9EF1C89409800F76318 /* MTMenuButton.m */ = {isa = PBXFileReference; fileEncoding = 4; lastKnownFileType = sourcecode.c.objc; path = MTMenuButton.m; sourceTree = "<group>"; };
		17B1F9F11C896D9700F76318 /* homemenuitems.plist */ = {isa = PBXFileReference; fileEncoding = 4; lastKnownFileType = text.plist.xml; path = homemenuitems.plist; sourceTree = "<group>"; };
		17B1F9F61C8973DD00F76318 /* MTTabBarController.h */ = {isa = PBXFileReference; fileEncoding = 4; lastKnownFileType = sourcecode.c.h; path = MTTabBarController.h; sourceTree = "<group>"; };
		17B1F9F71C8973DD00F76318 /* MTTabBarController.m */ = {isa = PBXFileReference; fileEncoding = 4; lastKnownFileType = sourcecode.c.objc; path = MTTabBarController.m; sourceTree = "<group>"; };
		17B1F9FA1C89743100F76318 /* MTTabBar.h */ = {isa = PBXFileReference; fileEncoding = 4; lastKnownFileType = sourcecode.c.h; path = MTTabBar.h; sourceTree = "<group>"; };
		17B1F9FB1C89743100F76318 /* MTTabBar.m */ = {isa = PBXFileReference; fileEncoding = 4; lastKnownFileType = sourcecode.c.objc; path = MTTabBar.m; sourceTree = "<group>"; };
		17B1F9FD1C8974D400F76318 /* MTTabBarBtn.h */ = {isa = PBXFileReference; fileEncoding = 4; lastKnownFileType = sourcecode.c.h; path = MTTabBarBtn.h; sourceTree = "<group>"; };
		17B1F9FE1C8974D400F76318 /* MTTabBarBtn.m */ = {isa = PBXFileReference; fileEncoding = 4; lastKnownFileType = sourcecode.c.objc; path = MTTabBarBtn.m; sourceTree = "<group>"; };
		17B1FA001C897ED500F76318 /* testmtpch.pch */ = {isa = PBXFileReference; fileEncoding = 4; lastKnownFileType = sourcecode.c.h; path = testmtpch.pch; sourceTree = "<group>"; };
		17BEBFCF1C92A96000F4D092 /* cities.plist */ = {isa = PBXFileReference; fileEncoding = 4; lastKnownFileType = text.plist.xml; path = cities.plist; sourceTree = "<group>"; };
		17BEBFD11C92B9B600F4D092 /* MTCityButton.h */ = {isa = PBXFileReference; fileEncoding = 4; lastKnownFileType = sourcecode.c.h; path = MTCityButton.h; sourceTree = "<group>"; };
		17BEBFD21C92B9B600F4D092 /* MTCityButton.m */ = {isa = PBXFileReference; fileEncoding = 4; lastKnownFileType = sourcecode.c.objc; path = MTCityButton.m; sourceTree = "<group>"; };
		17BEBFD41C92BEE400F4D092 /* MTHomeSearchBtn.h */ = {isa = PBXFileReference; fileEncoding = 4; lastKnownFileType = sourcecode.c.h; path = MTHomeSearchBtn.h; sourceTree = "<group>"; };
		17BEBFD51C92BEE400F4D092 /* MTHomeSearchBtn.m */ = {isa = PBXFileReference; fileEncoding = 4; lastKnownFileType = sourcecode.c.objc; path = MTHomeSearchBtn.m; sourceTree = "<group>"; };
		17BEBFDA1C92D01B00F4D092 /* MTCitySearchController.h */ = {isa = PBXFileReference; fileEncoding = 4; lastKnownFileType = sourcecode.c.h; path = MTCitySearchController.h; sourceTree = "<group>"; };
		17BEBFDB1C92D01B00F4D092 /* MTCitySearchController.m */ = {isa = PBXFileReference; fileEncoding = 4; lastKnownFileType = sourcecode.c.objc; path = MTCitySearchController.m; sourceTree = "<group>"; };
		17CAC24B1C8EC2F0009AEC66 /* MTNetworkManager.h */ = {isa = PBXFileReference; fileEncoding = 4; lastKnownFileType = sourcecode.c.h; path = MTNetworkManager.h; sourceTree = "<group>"; };
		17CAC24C1C8EC2F0009AEC66 /* MTNetworkManager.m */ = {isa = PBXFileReference; fileEncoding = 4; lastKnownFileType = sourcecode.c.objc; path = MTNetworkManager.m; sourceTree = "<group>"; };
		17CAC24F1C8ED4A2009AEC66 /* MTHomeService.h */ = {isa = PBXFileReference; fileEncoding = 4; lastKnownFileType = sourcecode.c.h; path = MTHomeService.h; sourceTree = "<group>"; };
		17CAC2501C8ED4A2009AEC66 /* MTHomeService.m */ = {isa = PBXFileReference; fileEncoding = 4; lastKnownFileType = sourcecode.c.objc; path = MTHomeService.m; sourceTree = "<group>"; };
		17CAC2521C8ED5F4009AEC66 /* MTConst.h */ = {isa = PBXFileReference; lastKnownFileType = sourcecode.c.h; path = MTConst.h; sourceTree = "<group>"; };
		17CAC2531C8ED84F009AEC66 /* MTDiscountItem.h */ = {isa = PBXFileReference; fileEncoding = 4; lastKnownFileType = sourcecode.c.h; path = MTDiscountItem.h; sourceTree = "<group>"; };
		17CAC2541C8ED84F009AEC66 /* MTDiscountItem.m */ = {isa = PBXFileReference; fileEncoding = 4; lastKnownFileType = sourcecode.c.objc; path = MTDiscountItem.m; sourceTree = "<group>"; };
		17CFC5C61C96A77C001C4A10 /* MTCodeController.h */ = {isa = PBXFileReference; fileEncoding = 4; lastKnownFileType = sourcecode.c.h; path = MTCodeController.h; sourceTree = "<group>"; };
		17CFC5C71C96A77C001C4A10 /* MTCodeController.m */ = {isa = PBXFileReference; fileEncoding = 4; lastKnownFileType = sourcecode.c.objc; path = MTCodeController.m; sourceTree = "<group>"; };
		17CFC5CC1C96B32C001C4A10 /* AVFoundation.framework */ = {isa = PBXFileReference; lastKnownFileType = wrapper.framework; name = AVFoundation.framework; path = System/Library/Frameworks/AVFoundation.framework; sourceTree = SDKROOT; };
		17E9FDDA1CA27D2E00C42F3C /* MTShopItem.h */ = {isa = PBXFileReference; fileEncoding = 4; lastKnownFileType = sourcecode.c.h; path = MTShopItem.h; sourceTree = "<group>"; };
		17E9FDDB1CA27D2E00C42F3C /* MTShopItem.m */ = {isa = PBXFileReference; fileEncoding = 4; lastKnownFileType = sourcecode.c.objc; path = MTShopItem.m; sourceTree = "<group>"; };
		17E9FDDD1CA2852A00C42F3C /* MTShopCell.h */ = {isa = PBXFileReference; fileEncoding = 4; lastKnownFileType = sourcecode.c.h; path = MTShopCell.h; sourceTree = "<group>"; };
		17E9FDDE1CA2852A00C42F3C /* MTShopCell.m */ = {isa = PBXFileReference; fileEncoding = 4; lastKnownFileType = sourcecode.c.objc; path = MTShopCell.m; sourceTree = "<group>"; };
		17FA3AE61C902091006E9F11 /* MTHomeDiscountView.h */ = {isa = PBXFileReference; fileEncoding = 4; lastKnownFileType = sourcecode.c.h; path = MTHomeDiscountView.h; sourceTree = "<group>"; };
		17FA3AE71C902091006E9F11 /* MTHomeDiscountView.m */ = {isa = PBXFileReference; fileEncoding = 4; lastKnownFileType = sourcecode.c.objc; path = MTHomeDiscountView.m; sourceTree = "<group>"; };
		17FA3AE91C90222C006E9F11 /* MTDiscountBtn.h */ = {isa = PBXFileReference; fileEncoding = 4; lastKnownFileType = sourcecode.c.h; path = MTDiscountBtn.h; sourceTree = "<group>"; };
		17FA3AEA1C90222C006E9F11 /* MTDiscountBtn.m */ = {isa = PBXFileReference; fileEncoding = 4; lastKnownFileType = sourcecode.c.objc; path = MTDiscountBtn.m; sourceTree = "<group>"; };
		AAB8EA8203B5EDC9CBD8312A /* Pods.release.xcconfig */ = {isa = PBXFileReference; includeInIndex = 1; lastKnownFileType = text.xcconfig; name = Pods.release.xcconfig; path = "Pods/Target Support Files/Pods/Pods.release.xcconfig"; sourceTree = "<group>"; };
		F2B4711C3D13091B81080B25 /* Pods.debug.xcconfig */ = {isa = PBXFileReference; includeInIndex = 1; lastKnownFileType = text.xcconfig; name = Pods.debug.xcconfig; path = "Pods/Target Support Files/Pods/Pods.debug.xcconfig"; sourceTree = "<group>"; };
/* End PBXFileReference section */

/* Begin PBXFrameworksBuildPhase section */
		17B1F9C11C892FB100F76318 /* Frameworks */ = {
			isa = PBXFrameworksBuildPhase;
			buildActionMask = 2147483647;
			files = (
				17CFC5CD1C96B32C001C4A10 /* AVFoundation.framework in Frameworks */,
				17A9C50D1C9128D6000DBEE9 /* CoreLocation.framework in Frameworks */,
				4AFCAA9A52D95A44AE3A6D7E /* libPods.a in Frameworks */,
			);
			runOnlyForDeploymentPostprocessing = 0;
		};
/* End PBXFrameworksBuildPhase section */

/* Begin PBXGroup section */
		171B51C31C99637E001E31DF /* Models */ = {
			isa = PBXGroup;
			children = (
				17AD04861C9A380E00651218 /* MTShopTypeItem.h */,
				17AD04871C9A380E00651218 /* MTShopTypeItem.m */,
				17E9FDDA1CA27D2E00C42F3C /* MTShopItem.h */,
				17E9FDDB1CA27D2E00C42F3C /* MTShopItem.m */,
			);
			name = Models;
			sourceTree = "<group>";
		};
		171B51C41C996395001E31DF /* Views */ = {
			isa = PBXGroup;
			children = (
				171B51C91C9965D1001E31DF /* MTShopChooseView.h */,
				171B51CA1C9965D1001E31DF /* MTShopChooseView.m */,
				171B51CC1C996E52001E31DF /* MTShopChooseBtn.h */,
				171B51CD1C996E52001E31DF /* MTShopChooseBtn.m */,
				178BB4B31C9BE7FB001E29BB /* MTShopTypeView.h */,
				178BB4B41C9BE7FB001E29BB /* MTShopTypeView.m */,
				178BB4B61C9BE868001E29BB /* MTShopTypeBtn.h */,
				178BB4B71C9BE868001E29BB /* MTShopTypeBtn.m */,
				17E9FDDD1CA2852A00C42F3C /* MTShopCell.h */,
				17E9FDDE1CA2852A00C42F3C /* MTShopCell.m */,
			);
			name = Views;
			sourceTree = "<group>";
		};
		171B51C51C99639C001E31DF /* Controllers */ = {
			isa = PBXGroup;
			children = (
				171B51C61C9963E6001E31DF /* MTShopViewController.h */,
				171B51C71C9963E6001E31DF /* MTShopViewController.m */,
			);
			name = Controllers;
			sourceTree = "<group>";
		};
		176CF1B61C8E30AB00A88273 /* Tool */ = {
			isa = PBXGroup;
			children = (
				17A698211C9F8E9A00F72E87 /* Shop */,
				17CAC24E1C8ED482009AEC66 /* Home */,
				17CAC24A1C8EC2C9009AEC66 /* Http */,
				17CAC2491C8EC26B009AEC66 /* Globle */,
			);
			name = Tool;
			sourceTree = "<group>";
		};
		17A698211C9F8E9A00F72E87 /* Shop */ = {
			isa = PBXGroup;
			children = (
				17A698221C9F8ECE00F72E87 /* MTShopService.h */,
				17A698231C9F8ECE00F72E87 /* MTShopService.m */,
			);
			name = Shop;
			sourceTree = "<group>";
		};
		17B1F9BB1C892FB100F76318 = {
			isa = PBXGroup;
			children = (
				17B1F9C61C892FB100F76318 /* testmt */,
				17B1F9C51C892FB100F76318 /* Products */,
				1837978BE0FA269B1D2C955D /* Pods */,
				38701E60D50369F6C2E4916E /* Frameworks */,
			);
			sourceTree = "<group>";
		};
		17B1F9C51C892FB100F76318 /* Products */ = {
			isa = PBXGroup;
			children = (
				17B1F9C41C892FB100F76318 /* testmt.app */,
			);
			name = Products;
			sourceTree = "<group>";
		};
		17B1F9C61C892FB100F76318 /* testmt */ = {
			isa = PBXGroup;
			children = (
				176CF1B61C8E30AB00A88273 /* Tool */,
				17B1FA031C89934500F76318 /* More */,
				17B1FA021C89934000F76318 /* Mine */,
				17B1FA011C89933200F76318 /* Shop */,
				17B1F9F31C89738A00F76318 /* Main */,
				17B1F9E41C893DE800F76318 /* Common */,
				17B1F9E01C893C3B00F76318 /* Home */,
				17B1F9CA1C892FB100F76318 /* AppDelegate.h */,
				17B1F9CB1C892FB100F76318 /* AppDelegate.m */,
				17B1F9CD1C892FB100F76318 /* ViewController.h */,
				17B1F9CE1C892FB100F76318 /* ViewController.m */,
				17B1F9D01C892FB100F76318 /* Main.storyboard */,
				17B1F9D31C892FB100F76318 /* Assets.xcassets */,
				17B1F9D51C892FB100F76318 /* LaunchScreen.storyboard */,
				17B1F9D81C892FB100F76318 /* Info.plist */,
				17B1F9C71C892FB100F76318 /* Supporting Files */,
			);
			path = testmt;
			sourceTree = "<group>";
		};
		17B1F9C71C892FB100F76318 /* Supporting Files */ = {
			isa = PBXGroup;
			children = (
				17B1F9C81C892FB100F76318 /* main.m */,
				17B1FA001C897ED500F76318 /* testmtpch.pch */,
			);
			name = "Supporting Files";
			sourceTree = "<group>";
		};
		17B1F9E01C893C3B00F76318 /* Home */ = {
			isa = PBXGroup;
			children = (
				17B1F9E31C893C5400F76318 /* Views */,
				17B1F9E21C893C4E00F76318 /* Models */,
				17B1F9E11C893C4400F76318 /* Controllers */,
				17B1F9F11C896D9700F76318 /* homemenuitems.plist */,
				17BEBFCF1C92A96000F4D092 /* cities.plist */,
			);
			name = Home;
			sourceTree = "<group>";
		};
		17B1F9E11C893C4400F76318 /* Controllers */ = {
			isa = PBXGroup;
			children = (
				17B1F9E81C893EBA00F76318 /* MTHomeController.h */,
				17B1F9E91C893EBA00F76318 /* MTHomeController.m */,
				17BEBFDA1C92D01B00F4D092 /* MTCitySearchController.h */,
				17BEBFDB1C92D01B00F4D092 /* MTCitySearchController.m */,
				17CFC5C61C96A77C001C4A10 /* MTCodeController.h */,
				17CFC5C71C96A77C001C4A10 /* MTCodeController.m */,
			);
			name = Controllers;
			sourceTree = "<group>";
		};
		17B1F9E21C893C4E00F76318 /* Models */ = {
			isa = PBXGroup;
			children = (
				17CAC2531C8ED84F009AEC66 /* MTDiscountItem.h */,
				17CAC2541C8ED84F009AEC66 /* MTDiscountItem.m */,
				17A9C50E1C915E4B000DBEE9 /* MTGuessYLikeItem.h */,
				17A9C50F1C915E4B000DBEE9 /* MTGuessYLikeItem.m */,
			);
			name = Models;
			sourceTree = "<group>";
		};
		17B1F9E31C893C5400F76318 /* Views */ = {
			isa = PBXGroup;
			children = (
				17B1F9EB1C893FE100F76318 /* MTHomeMenu.h */,
				17B1F9EC1C893FE100F76318 /* MTHomeMenu.m */,
				17B1F9EE1C89409800F76318 /* MTMenuButton.h */,
				17B1F9EF1C89409800F76318 /* MTMenuButton.m */,
				175CD26C1C8CFC3E00A680A6 /* MTHomeScrollView.h */,
				175CD26D1C8CFC3E00A680A6 /* MTHomeScrollView.m */,
				17FA3AE61C902091006E9F11 /* MTHomeDiscountView.h */,
				17FA3AE71C902091006E9F11 /* MTHomeDiscountView.m */,
				17FA3AE91C90222C006E9F11 /* MTDiscountBtn.h */,
				17FA3AEA1C90222C006E9F11 /* MTDiscountBtn.m */,
				17A9C5111C91625F000DBEE9 /* MTGuessYLikeCell.h */,
				17A9C5121C91625F000DBEE9 /* MTGuessYLikeCell.m */,
				17BEBFD11C92B9B600F4D092 /* MTCityButton.h */,
				17BEBFD21C92B9B600F4D092 /* MTCityButton.m */,
				17BEBFD41C92BEE400F4D092 /* MTHomeSearchBtn.h */,
				17BEBFD51C92BEE400F4D092 /* MTHomeSearchBtn.m */,
			);
			name = Views;
			sourceTree = "<group>";
		};
		17B1F9E41C893DE800F76318 /* Common */ = {
			isa = PBXGroup;
			children = (
				17B1F9E51C893E2E00F76318 /* MTBaseTBController.h */,
				17B1F9E61C893E2E00F76318 /* MTBaseTBController.m */,
				1759210C1C9792FF00C9F2A4 /* MTRefreshHeader.h */,
				1759210D1C9792FF00C9F2A4 /* MTRefreshHeader.m */,
			);
			name = Common;
			sourceTree = "<group>";
		};
		17B1F9F31C89738A00F76318 /* Main */ = {
			isa = PBXGroup;
			children = (
				17B1F9F51C89739B00F76318 /* Views */,
				17B1F9F41C89738F00F76318 /* Controllers */,
			);
			name = Main;
			sourceTree = "<group>";
		};
		17B1F9F41C89738F00F76318 /* Controllers */ = {
			isa = PBXGroup;
			children = (
				17B1F9F61C8973DD00F76318 /* MTTabBarController.h */,
				17B1F9F71C8973DD00F76318 /* MTTabBarController.m */,
				176CF1BA1C8E365A00A88273 /* MTNavController.h */,
				176CF1BB1C8E365A00A88273 /* MTNavController.m */,
			);
			name = Controllers;
			sourceTree = "<group>";
		};
		17B1F9F51C89739B00F76318 /* Views */ = {
			isa = PBXGroup;
			children = (
				17B1F9FA1C89743100F76318 /* MTTabBar.h */,
				17B1F9FB1C89743100F76318 /* MTTabBar.m */,
				17B1F9FD1C8974D400F76318 /* MTTabBarBtn.h */,
				17B1F9FE1C8974D400F76318 /* MTTabBarBtn.m */,
			);
			name = Views;
			sourceTree = "<group>";
		};
		17B1FA011C89933200F76318 /* Shop */ = {
			isa = PBXGroup;
			children = (
				171B51C51C99639C001E31DF /* Controllers */,
				171B51C41C996395001E31DF /* Views */,
				171B51C31C99637E001E31DF /* Models */,
			);
			name = Shop;
			sourceTree = "<group>";
		};
		17B1FA021C89934000F76318 /* Mine */ = {
			isa = PBXGroup;
			children = (
			);
			name = Mine;
			sourceTree = "<group>";
		};
		17B1FA031C89934500F76318 /* More */ = {
			isa = PBXGroup;
			children = (
			);
			name = More;
			sourceTree = "<group>";
		};
		17CAC2491C8EC26B009AEC66 /* Globle */ = {
			isa = PBXGroup;
			children = (
				176CF1B71C8E30DB00A88273 /* MTGloblesTool.h */,
				176CF1B81C8E30DB00A88273 /* MTGloblesTool.m */,
				17CAC2521C8ED5F4009AEC66 /* MTConst.h */,
			);
			name = Globle;
			sourceTree = "<group>";
		};
		17CAC24A1C8EC2C9009AEC66 /* Http */ = {
			isa = PBXGroup;
			children = (
				17CAC24B1C8EC2F0009AEC66 /* MTNetworkManager.h */,
				17CAC24C1C8EC2F0009AEC66 /* MTNetworkManager.m */,
			);
			name = Http;
			sourceTree = "<group>";
		};
		17CAC24E1C8ED482009AEC66 /* Home */ = {
			isa = PBXGroup;
			children = (
				17CAC24F1C8ED4A2009AEC66 /* MTHomeService.h */,
				17CAC2501C8ED4A2009AEC66 /* MTHomeService.m */,
			);
			name = Home;
			sourceTree = "<group>";
		};
		1837978BE0FA269B1D2C955D /* Pods */ = {
			isa = PBXGroup;
			children = (
				F2B4711C3D13091B81080B25 /* Pods.debug.xcconfig */,
				AAB8EA8203B5EDC9CBD8312A /* Pods.release.xcconfig */,
			);
			name = Pods;
			sourceTree = "<group>";
		};
		38701E60D50369F6C2E4916E /* Frameworks */ = {
			isa = PBXGroup;
			children = (
				17CFC5CC1C96B32C001C4A10 /* AVFoundation.framework */,
				17A9C50C1C9128D6000DBEE9 /* CoreLocation.framework */,
				0262E2759C8C3C60BEF2C239 /* libPods.a */,
			);
			name = Frameworks;
			sourceTree = "<group>";
		};
/* End PBXGroup section */

/* Begin PBXNativeTarget section */
		17B1F9C31C892FB100F76318 /* testmt */ = {
			isa = PBXNativeTarget;
			buildConfigurationList = 17B1F9DB1C892FB100F76318 /* Build configuration list for PBXNativeTarget "testmt" */;
			buildPhases = (
				B62003B7E81655D7F5442D1D /* Check Pods Manifest.lock */,
				17B1F9C01C892FB100F76318 /* Sources */,
				17B1F9C11C892FB100F76318 /* Frameworks */,
				17B1F9C21C892FB100F76318 /* Resources */,
				92E94101CB092153C3E16B36 /* Embed Pods Frameworks */,
				8C1456AEACFDEAD0F191EF95 /* Copy Pods Resources */,
			);
			buildRules = (
			);
			dependencies = (
			);
			name = testmt;
			productName = testmt;
			productReference = 17B1F9C41C892FB100F76318 /* testmt.app */;
			productType = "com.apple.product-type.application";
		};
/* End PBXNativeTarget section */

/* Begin PBXProject section */
		17B1F9BC1C892FB100F76318 /* Project object */ = {
			isa = PBXProject;
			attributes = {
				LastUpgradeCheck = 0710;
				ORGANIZATIONNAME = gaowen;
				TargetAttributes = {
					17B1F9C31C892FB100F76318 = {
						CreatedOnToolsVersion = 7.1;
					};
				};
			};
			buildConfigurationList = 17B1F9BF1C892FB100F76318 /* Build configuration list for PBXProject "testmt" */;
			compatibilityVersion = "Xcode 3.2";
			developmentRegion = English;
			hasScannedForEncodings = 0;
			knownRegions = (
				en,
				Base,
			);
			mainGroup = 17B1F9BB1C892FB100F76318;
			productRefGroup = 17B1F9C51C892FB100F76318 /* Products */;
			projectDirPath = "";
			projectRoot = "";
			targets = (
				17B1F9C31C892FB100F76318 /* testmt */,
			);
		};
/* End PBXProject section */

/* Begin PBXResourcesBuildPhase section */
		17B1F9C21C892FB100F76318 /* Resources */ = {
			isa = PBXResourcesBuildPhase;
			buildActionMask = 2147483647;
			files = (
				17B1F9D71C892FB100F76318 /* LaunchScreen.storyboard in Resources */,
				17B1F9F21C896D9700F76318 /* homemenuitems.plist in Resources */,
				17B1F9D41C892FB100F76318 /* Assets.xcassets in Resources */,
				17BEBFD01C92A96000F4D092 /* cities.plist in Resources */,
				17B1F9D21C892FB100F76318 /* Main.storyboard in Resources */,
			);
			runOnlyForDeploymentPostprocessing = 0;
		};
/* End PBXResourcesBuildPhase section */

/* Begin PBXShellScriptBuildPhase section */
		8C1456AEACFDEAD0F191EF95 /* Copy Pods Resources */ = {
			isa = PBXShellScriptBuildPhase;
			buildActionMask = 2147483647;
			files = (
			);
			inputPaths = (
			);
			name = "Copy Pods Resources";
			outputPaths = (
			);
			runOnlyForDeploymentPostprocessing = 0;
			shellPath = /bin/sh;
			shellScript = "\"${SRCROOT}/Pods/Target Support Files/Pods/Pods-resources.sh\"\n";
			showEnvVarsInLog = 0;
		};
		92E94101CB092153C3E16B36 /* Embed Pods Frameworks */ = {
			isa = PBXShellScriptBuildPhase;
			buildActionMask = 2147483647;
			files = (
			);
			inputPaths = (
			);
			name = "Embed Pods Frameworks";
			outputPaths = (
			);
			runOnlyForDeploymentPostprocessing = 0;
			shellPath = /bin/sh;
			shellScript = "\"${SRCROOT}/Pods/Target Support Files/Pods/Pods-frameworks.sh\"\n";
			showEnvVarsInLog = 0;
		};
		B62003B7E81655D7F5442D1D /* Check Pods Manifest.lock */ = {
			isa = PBXShellScriptBuildPhase;
			buildActionMask = 2147483647;
			files = (
			);
			inputPaths = (
			);
			name = "Check Pods Manifest.lock";
			outputPaths = (
			);
			runOnlyForDeploymentPostprocessing = 0;
			shellPath = /bin/sh;
			shellScript = "diff \"${PODS_ROOT}/../Podfile.lock\" \"${PODS_ROOT}/Manifest.lock\" > /dev/null\nif [[ $? != 0 ]] ; then\n    cat << EOM\nerror: The sandbox is not in sync with the Podfile.lock. Run 'pod install' or update your CocoaPods installation.\nEOM\n    exit 1\nfi\n";
			showEnvVarsInLog = 0;
		};
/* End PBXShellScriptBuildPhase section */

/* Begin PBXSourcesBuildPhase section */
		17B1F9C01C892FB100F76318 /* Sources */ = {
			isa = PBXSourcesBuildPhase;
			buildActionMask = 2147483647;
			files = (
				171B51CE1C996E52001E31DF /* MTShopChooseBtn.m in Sources */,
				178BB4B81C9BE868001E29BB /* MTShopTypeBtn.m in Sources */,
				17B1F9F81C8973DD00F76318 /* MTTabBarController.m in Sources */,
				176CF1B91C8E30DB00A88273 /* MTGloblesTool.m in Sources */,
				17B1F9FF1C8974D400F76318 /* MTTabBarBtn.m in Sources */,
				17B1F9FC1C89743100F76318 /* MTTabBar.m in Sources */,
				17E9FDDF1CA2852A00C42F3C /* MTShopCell.m in Sources */,
				17CAC2551C8ED84F009AEC66 /* MTDiscountItem.m in Sources */,
				17FA3AE81C902091006E9F11 /* MTHomeDiscountView.m in Sources */,
				17B1F9EA1C893EBA00F76318 /* MTHomeController.m in Sources */,
				17B1F9CF1C892FB100F76318 /* ViewController.m in Sources */,
				17BEBFDC1C92D01B00F4D092 /* MTCitySearchController.m in Sources */,
				17B1F9E71C893E2E00F76318 /* MTBaseTBController.m in Sources */,
				171B51C81C9963E6001E31DF /* MTShopViewController.m in Sources */,
				17CAC2511C8ED4A2009AEC66 /* MTHomeService.m in Sources */,
				17B1F9CC1C892FB100F76318 /* AppDelegate.m in Sources */,
				17A9C5101C915E4B000DBEE9 /* MTGuessYLikeItem.m in Sources */,
				17B1F9ED1C893FE100F76318 /* MTHomeMenu.m in Sources */,
				17AD04881C9A380E00651218 /* MTShopTypeItem.m in Sources */,
				17FA3AEB1C90222C006E9F11 /* MTDiscountBtn.m in Sources */,
				17CAC24D1C8EC2F0009AEC66 /* MTNetworkManager.m in Sources */,
				17B1F9F01C89409800F76318 /* MTMenuButton.m in Sources */,
				171B51CB1C9965D1001E31DF /* MTShopChooseView.m in Sources */,
				17A698241C9F8ECE00F72E87 /* MTShopService.m in Sources */,
				178BB4B51C9BE7FB001E29BB /* MTShopTypeView.m in Sources */,
				17BEBFD61C92BEE400F4D092 /* MTHomeSearchBtn.m in Sources */,
				17B1F9C91C892FB100F76318 /* main.m in Sources */,
				17E9FDDC1CA27D2E00C42F3C /* MTShopItem.m in Sources */,
				176CF1BC1C8E365A00A88273 /* MTNavController.m in Sources */,
				1759210E1C9792FF00C9F2A4 /* MTRefreshHeader.m in Sources */,
				175CD26E1C8CFC3E00A680A6 /* MTHomeScrollView.m in Sources */,
				17CFC5C81C96A77C001C4A10 /* MTCodeController.m in Sources */,
				17A9C5131C91625F000DBEE9 /* MTGuessYLikeCell.m in Sources */,
				17BEBFD31C92B9B600F4D092 /* MTCityButton.m in Sources */,
			);
			runOnlyForDeploymentPostprocessing = 0;
		};
/* End PBXSourcesBuildPhase section */

/* Begin PBXVariantGroup section */
		17B1F9D01C892FB100F76318 /* Main.storyboard */ = {
			isa = PBXVariantGroup;
			children = (
				17B1F9D11C892FB100F76318 /* Base */,
			);
			name = Main.storyboard;
			sourceTree = "<group>";
		};
		17B1F9D51C892FB100F76318 /* LaunchScreen.storyboard */ = {
			isa = PBXVariantGroup;
			children = (
				17B1F9D61C892FB100F76318 /* Base */,
			);
			name = LaunchScreen.storyboard;
			sourceTree = "<group>";
		};
/* End PBXVariantGroup section */

/* Begin XCBuildConfiguration section */
		17B1F9D91C892FB100F76318 /* Debug */ = {
			isa = XCBuildConfiguration;
			buildSettings = {
				ALWAYS_SEARCH_USER_PATHS = NO;
				CLANG_CXX_LANGUAGE_STANDARD = "gnu++0x";
				CLANG_CXX_LIBRARY = "libc++";
				CLANG_ENABLE_MODULES = YES;
				CLANG_ENABLE_OBJC_ARC = YES;
				CLANG_WARN_BOOL_CONVERSION = YES;
				CLANG_WARN_CONSTANT_CONVERSION = YES;
				CLANG_WARN_DIRECT_OBJC_ISA_USAGE = YES_ERROR;
				CLANG_WARN_EMPTY_BODY = YES;
				CLANG_WARN_ENUM_CONVERSION = YES;
				CLANG_WARN_INT_CONVERSION = YES;
				CLANG_WARN_OBJC_ROOT_CLASS = YES_ERROR;
				CLANG_WARN_UNREACHABLE_CODE = YES;
				CLANG_WARN__DUPLICATE_METHOD_MATCH = YES;
				"CODE_SIGN_IDENTITY[sdk=iphoneos*]" = "iPhone Developer";
				COPY_PHASE_STRIP = NO;
				DEBUG_INFORMATION_FORMAT = dwarf;
				ENABLE_STRICT_OBJC_MSGSEND = YES;
				ENABLE_TESTABILITY = YES;
				GCC_C_LANGUAGE_STANDARD = gnu99;
				GCC_DYNAMIC_NO_PIC = NO;
				GCC_NO_COMMON_BLOCKS = YES;
				GCC_OPTIMIZATION_LEVEL = 0;
				GCC_PRECOMPILE_PREFIX_HEADER = YES;
				GCC_PREPROCESSOR_DEFINITIONS = (
					"DEBUG=1",
					"$(inherited)",
				);
				GCC_WARN_64_TO_32_BIT_CONVERSION = YES;
				GCC_WARN_ABOUT_RETURN_TYPE = YES_ERROR;
				GCC_WARN_UNDECLARED_SELECTOR = YES;
				GCC_WARN_UNINITIALIZED_AUTOS = YES_AGGRESSIVE;
				GCC_WARN_UNUSED_FUNCTION = YES;
				GCC_WARN_UNUSED_VARIABLE = YES;
				IPHONEOS_DEPLOYMENT_TARGET = 9.1;
				MTL_ENABLE_DEBUG_INFO = YES;
				ONLY_ACTIVE_ARCH = YES;
				SDKROOT = iphoneos;
			};
			name = Debug;
		};
		17B1F9DA1C892FB100F76318 /* Release */ = {
			isa = XCBuildConfiguration;
			buildSettings = {
				ALWAYS_SEARCH_USER_PATHS = NO;
				CLANG_CXX_LANGUAGE_STANDARD = "gnu++0x";
				CLANG_CXX_LIBRARY = "libc++";
				CLANG_ENABLE_MODULES = YES;
				CLANG_ENABLE_OBJC_ARC = YES;
				CLANG_WARN_BOOL_CONVERSION = YES;
				CLANG_WARN_CONSTANT_CONVERSION = YES;
				CLANG_WARN_DIRECT_OBJC_ISA_USAGE = YES_ERROR;
				CLANG_WARN_EMPTY_BODY = YES;
				CLANG_WARN_ENUM_CONVERSION = YES;
				CLANG_WARN_INT_CONVERSION = YES;
				CLANG_WARN_OBJC_ROOT_CLASS = YES_ERROR;
				CLANG_WARN_UNREACHABLE_CODE = YES;
				CLANG_WARN__DUPLICATE_METHOD_MATCH = YES;
				"CODE_SIGN_IDENTITY[sdk=iphoneos*]" = "iPhone Developer";
				COPY_PHASE_STRIP = NO;
				DEBUG_INFORMATION_FORMAT = "dwarf-with-dsym";
				ENABLE_NS_ASSERTIONS = NO;
				ENABLE_STRICT_OBJC_MSGSEND = YES;
				GCC_C_LANGUAGE_STANDARD = gnu99;
				GCC_NO_COMMON_BLOCKS = YES;
				GCC_PRECOMPILE_PREFIX_HEADER = YES;
				GCC_WARN_64_TO_32_BIT_CONVERSION = YES;
				GCC_WARN_ABOUT_RETURN_TYPE = YES_ERROR;
				GCC_WARN_UNDECLARED_SELECTOR = YES;
				GCC_WARN_UNINITIALIZED_AUTOS = YES_AGGRESSIVE;
				GCC_WARN_UNUSED_FUNCTION = YES;
				GCC_WARN_UNUSED_VARIABLE = YES;
				IPHONEOS_DEPLOYMENT_TARGET = 9.1;
				MTL_ENABLE_DEBUG_INFO = NO;
				SDKROOT = iphoneos;
				VALIDATE_PRODUCT = YES;
			};
			name = Release;
		};
		17B1F9DC1C892FB100F76318 /* Debug */ = {
			isa = XCBuildConfiguration;
			baseConfigurationReference = F2B4711C3D13091B81080B25 /* Pods.debug.xcconfig */;
			buildSettings = {
				ASSETCATALOG_COMPILER_APPICON_NAME = AppIcon;
				GCC_INCREASE_PRECOMPILED_HEADER_SHARING = YES;
				GCC_PRECOMPILE_PREFIX_HEADER = YES;
				GCC_PREFIX_HEADER = "$(SRCROOT)/testmt/testmtpch.pch";
				INFOPLIST_FILE = testmt/Info.plist;
				IPHONEOS_DEPLOYMENT_TARGET = 7.0;
				LD_RUNPATH_SEARCH_PATHS = "$(inherited) @executable_path/Frameworks";
				PRODUCT_BUNDLE_IDENTIFIER = com.careland.Test.testmt;
				PRODUCT_NAME = "$(TARGET_NAME)";
			};
			name = Debug;
		};
		17B1F9DD1C892FB100F76318 /* Release */ = {
			isa = XCBuildConfiguration;
			baseConfigurationReference = AAB8EA8203B5EDC9CBD8312A /* Pods.release.xcconfig */;
			buildSettings = {
				ASSETCATALOG_COMPILER_APPICON_NAME = AppIcon;
				GCC_INCREASE_PRECOMPILED_HEADER_SHARING = YES;
				GCC_PRECOMPILE_PREFIX_HEADER = YES;
				GCC_PREFIX_HEADER = "$(SRCROOT)/testmt/testmtpch.pch";
				INFOPLIST_FILE = testmt/Info.plist;
				IPHONEOS_DEPLOYMENT_TARGET = 7.0;
				LD_RUNPATH_SEARCH_PATHS = "$(inherited) @executable_path/Frameworks";
				PRODUCT_BUNDLE_IDENTIFIER = com.careland.Test.testmt;
				PRODUCT_NAME = "$(TARGET_NAME)";
			};
			name = Release;
		};
/* End XCBuildConfiguration section */

/* Begin XCConfigurationList section */
		17B1F9BF1C892FB100F76318 /* Build configuration list for PBXProject "testmt" */ = {
			isa = XCConfigurationList;
			buildConfigurations = (
				17B1F9D91C892FB100F76318 /* Debug */,
				17B1F9DA1C892FB100F76318 /* Release */,
			);
			defaultConfigurationIsVisible = 0;
			defaultConfigurationName = Release;
		};
		17B1F9DB1C892FB100F76318 /* Build configuration list for PBXNativeTarget "testmt" */ = {
			isa = XCConfigurationList;
			buildConfigurations = (
				17B1F9DC1C892FB100F76318 /* Debug */,
				17B1F9DD1C892FB100F76318 /* Release */,
			);
			defaultConfigurationIsVisible = 0;
			defaultConfigurationName = Release;
		};
/* End XCConfigurationList section */
	};
	rootObject = 17B1F9BC1C892FB100F76318 /* Project object */;
}
